# This file is automatically @generated by Cargo.
# It is not intended for manual editing.
version = 4

[[package]]
name = "lagwyrm-bot"
version = "0.1.0"
dependencies = [
 "lagwyrm-net",
 "lagwyrm-server",
 "lagwyrm-sim",
]

[[package]]
name = "lagwyrm-net"
version = "0.1.0"

[[package]]
name = "lagwyrm-server"
version = "0.1.0"
dependencies = [
 "lagwyrm-net",
 "lagwyrm-sim",
]

[[package]]
name = "lagwyrm-sim"
version = "0.1.0"
